// !$*UTF8*$!
{
	archiveVersion = 1;
	classes = {
	};
	objectVersion = 56;
	objects = {

/* Begin PBXBuildFile section */
		930F18D22B5165EE0095B738 /* DetayView.swift in Sources */ = {isa = PBXBuildFile; fileRef = 930F18D12B5165EE0095B738 /* DetayView.swift */; };
		930F18D42B5169B50095B738 /* OzelGorselView.swift in Sources */ = {isa = PBXBuildFile; fileRef = 930F18D32B5169B50095B738 /* OzelGorselView.swift */; };
		931556672B501FE9008F96AF /* BTKModelApp.swift in Sources */ = {isa = PBXBuildFile; fileRef = 931556662B501FE9008F96AF /* BTKModelApp.swift */; };
		931556692B501FE9008F96AF /* ContentView.swift in Sources */ = {isa = PBXBuildFile; fileRef = 931556682B501FE9008F96AF /* ContentView.swift */; };
		9315566B2B501FEA008F96AF /* Assets.xcassets in Resources */ = {isa = PBXBuildFile; fileRef = 9315566A2B501FEA008F96AF /* Assets.xcassets */; };
		9315566E2B501FEA008F96AF /* Preview Assets.xcassets in Resources */ = {isa = PBXBuildFile; fileRef = 9315566D2B501FEA008F96AF /* Preview Assets.xcassets */; };
		931556782B501FEA008F96AF /* BTKModelTests.swift in Sources */ = {isa = PBXBuildFile; fileRef = 931556772B501FEA008F96AF /* BTKModelTests.swift */; };
		931556822B501FEA008F96AF /* BTKModelUITests.swift in Sources */ = {isa = PBXBuildFile; fileRef = 931556812B501FEA008F96AF /* BTKModelUITests.swift */; };
		931556842B501FEA008F96AF /* BTKModelUITestsLaunchTests.swift in Sources */ = {isa = PBXBuildFile; fileRef = 931556832B501FEA008F96AF /* BTKModelUITestsLaunchTests.swift */; };
		931556912B5022B1008F96AF /* SuperKahraman.swift in Sources */ = {isa = PBXBuildFile; fileRef = 931556902B5022B1008F96AF /* SuperKahraman.swift */; };
		931556932B5034F2008F96AF /* MapView.swift in Sources */ = {isa = PBXBuildFile; fileRef = 931556922B5034F2008F96AF /* MapView.swift */; };
/* End PBXBuildFile section */

/* Begin PBXContainerItemProxy section */
		931556742B501FEA008F96AF /* PBXContainerItemProxy */ = {
			isa = PBXContainerItemProxy;
			containerPortal = 9315565B2B501FE9008F96AF /* Project object */;
			proxyType = 1;
			remoteGlobalIDString = 931556622B501FE9008F96AF;
			remoteInfo = BTKModel;
		};
		9315567E2B501FEA008F96AF /* PBXContainerItemProxy */ = {
			isa = PBXContainerItemProxy;
			containerPortal = 9315565B2B501FE9008F96AF /* Project object */;
			proxyType = 1;
			remoteGlobalIDString = 931556622B501FE9008F96AF;
			remoteInfo = BTKModel;
		};
/* End PBXContainerItemProxy section */

/* Begin PBXFileReference section */
		930F18D12B5165EE0095B738 /* DetayView.swift */ = {isa = PBXFileReference; lastKnownFileType = sourcecode.swift; path = DetayView.swift; sourceTree = "<group>"; };
		930F18D32B5169B50095B738 /* OzelGorselView.swift */ = {isa = PBXFileReference; lastKnownFileType = sourcecode.swift; path = OzelGorselView.swift; sourceTree = "<group>"; };
		931556632B501FE9008F96AF /* BTKModel.app */ = {isa = PBXFileReference; explicitFileType = wrapper.application; includeInIndex = 0; path = BTKModel.app; sourceTree = BUILT_PRODUCTS_DIR; };
		931556662B501FE9008F96AF /* BTKModelApp.swift */ = {isa = PBXFileReference; lastKnownFileType = sourcecode.swift; path = BTKModelApp.swift; sourceTree = "<group>"; };
		931556682B501FE9008F96AF /* ContentView.swift */ = {isa = PBXFileReference; lastKnownFileType = sourcecode.swift; path = ContentView.swift; sourceTree = "<group>"; };
		9315566A2B501FEA008F96AF /* Assets.xcassets */ = {isa = PBXFileReference; lastKnownFileType = folder.assetcatalog; path = Assets.xcassets; sourceTree = "<group>"; };
		9315566D2B501FEA008F96AF /* Preview Assets.xcassets */ = {isa = PBXFileReference; lastKnownFileType = folder.assetcatalog; path = "Preview Assets.xcassets"; sourceTree = "<group>"; };
		931556732B501FEA008F96AF /* BTKModelTests.xctest */ = {isa = PBXFileReference; explicitFileType = wrapper.cfbundle; includeInIndex = 0; path = BTKModelTests.xctest; sourceTree = BUILT_PRODUCTS_DIR; };
		931556772B501FEA008F96AF /* BTKModelTests.swift */ = {isa = PBXFileReference; lastKnownFileType = sourcecode.swift; path = BTKModelTests.swift; sourceTree = "<group>"; };
		9315567D2B501FEA008F96AF /* BTKModelUITests.xctest */ = {isa = PBXFileReference; explicitFileType = wrapper.cfbundle; includeInIndex = 0; path = BTKModelUITests.xctest; sourceTree = BUILT_PRODUCTS_DIR; };
		931556812B501FEA008F96AF /* BTKModelUITests.swift */ = {isa = PBXFileReference; lastKnownFileType = sourcecode.swift; path = BTKModelUITests.swift; sourceTree = "<group>"; };
		931556832B501FEA008F96AF /* BTKModelUITestsLaunchTests.swift */ = {isa = PBXFileReference; lastKnownFileType = sourcecode.swift; path = BTKModelUITestsLaunchTests.swift; sourceTree = "<group>"; };
		931556902B5022B1008F96AF /* SuperKahraman.swift */ = {isa = PBXFileReference; lastKnownFileType = sourcecode.swift; path = SuperKahraman.swift; sourceTree = "<group>"; };
		931556922B5034F2008F96AF /* MapView.swift */ = {isa = PBXFileReference; lastKnownFileType = sourcecode.swift; path = MapView.swift; sourceTree = "<group>"; };
/* End PBXFileReference section */

/* Begin PBXFrameworksBuildPhase section */
		931556602B501FE9008F96AF /* Frameworks */ = {
			isa = PBXFrameworksBuildPhase;
			buildActionMask = 2147483647;
			files = (
			);
			runOnlyForDeploymentPostprocessing = 0;
		};
		931556702B501FEA008F96AF /* Frameworks */ = {
			isa = PBXFrameworksBuildPhase;
			buildActionMask = 2147483647;
			files = (
			);
			runOnlyForDeploymentPostprocessing = 0;
		};
		9315567A2B501FEA008F96AF /* Frameworks */ = {
			isa = PBXFrameworksBuildPhase;
			buildActionMask = 2147483647;
			files = (
			);
			runOnlyForDeploymentPostprocessing = 0;
		};
/* End PBXFrameworksBuildPhase section */

/* Begin PBXGroup section */
		9315565A2B501FE9008F96AF = {
			isa = PBXGroup;
			children = (
				930F18D32B5169B50095B738 /* OzelGorselView.swift */,
				930F18D12B5165EE0095B738 /* DetayView.swift */,
				931556922B5034F2008F96AF /* MapView.swift */,
				931556902B5022B1008F96AF /* SuperKahraman.swift */,
				931556652B501FE9008F96AF /* BTKModel */,
				931556762B501FEA008F96AF /* BTKModelTests */,
				931556802B501FEA008F96AF /* BTKModelUITests */,
				931556642B501FE9008F96AF /* Products */,
			);
			sourceTree = "<group>";
		};
		931556642B501FE9008F96AF /* Products */ = {
			isa = PBXGroup;
			children = (
				931556632B501FE9008F96AF /* BTKModel.app */,
				931556732B501FEA008F96AF /* BTKModelTests.xctest */,
				9315567D2B501FEA008F96AF /* BTKModelUITests.xctest */,
			);
			name = Products;
			sourceTree = "<group>";
		};
		931556652B501FE9008F96AF /* BTKModel */ = {
			isa = PBXGroup;
			children = (
				931556662B501FE9008F96AF /* BTKModelApp.swift */,
				931556682B501FE9008F96AF /* ContentView.swift */,
				9315566A2B501FEA008F96AF /* Assets.xcassets */,
				9315566C2B501FEA008F96AF /* Preview Content */,
			);
			path = BTKModel;
			sourceTree = "<group>";
		};
		9315566C2B501FEA008F96AF /* Preview Content */ = {
			isa = PBXGroup;
			children = (
				9315566D2B501FEA008F96AF /* Preview Assets.xcassets */,
			);
			path = "Preview Content";
			sourceTree = "<group>";
		};
		931556762B501FEA008F96AF /* BTKModelTests */ = {
			isa = PBXGroup;
			children = (
				931556772B501FEA008F96AF /* BTKModelTests.swift */,
			);
			path = BTKModelTests;
			sourceTree = "<group>";
		};
		931556802B501FEA008F96AF /* BTKModelUITests */ = {
			isa = PBXGroup;
			children = (
				931556812B501FEA008F96AF /* BTKModelUITests.swift */,
				931556832B501FEA008F96AF /* BTKModelUITestsLaunchTests.swift */,
			);
			path = BTKModelUITests;
			sourceTree = "<group>";
		};
/* End PBXGroup section */

/* Begin PBXNativeTarget section */
		931556622B501FE9008F96AF /* BTKModel */ = {
			isa = PBXNativeTarget;
			buildConfigurationList = 931556872B501FEA008F96AF /* Build configuration list for PBXNativeTarget "BTKModel" */;
			buildPhases = (
				9315565F2B501FE9008F96AF /* Sources */,
				931556602B501FE9008F96AF /* Frameworks */,
				931556612B501FE9008F96AF /* Resources */,
			);
			buildRules = (
			);
			dependencies = (
			);
			name = BTKModel;
			productName = BTKModel;
			productReference = 931556632B501FE9008F96AF /* BTKModel.app */;
			productType = "com.apple.product-type.application";
		};
		931556722B501FEA008F96AF /* BTKModelTests */ = {
			isa = PBXNativeTarget;
			buildConfigurationList = 9315568A2B501FEA008F96AF /* Build configuration list for PBXNativeTarget "BTKModelTests" */;
			buildPhases = (
				9315566F2B501FEA008F96AF /* Sources */,
				931556702B501FEA008F96AF /* Frameworks */,
				931556712B501FEA008F96AF /* Resources */,
			);
			buildRules = (
			);
			dependencies = (
				931556752B501FEA008F96AF /* PBXTargetDependency */,
			);
			name = BTKModelTests;
			productName = BTKModelTests;
			productReference = 931556732B501FEA008F96AF /* BTKModelTests.xctest */;
			productType = "com.apple.product-type.bundle.unit-test";
		};
		9315567C2B501FEA008F96AF /* BTKModelUITests */ = {
			isa = PBXNativeTarget;
			buildConfigurationList = 9315568D2B501FEA008F96AF /* Build configuration list for PBXNativeTarget "BTKModelUITests" */;
			buildPhases = (
				931556792B501FEA008F96AF /* Sources */,
				9315567A2B501FEA008F96AF /* Frameworks */,
				9315567B2B501FEA008F96AF /* Resources */,
			);
			buildRules = (
			);
			dependencies = (
				9315567F2B501FEA008F96AF /* PBXTargetDependency */,
			);
			name = BTKModelUITests;
			productName = BTKModelUITests;
			productReference = 9315567D2B501FEA008F96AF /* BTKModelUITests.xctest */;
			productType = "com.apple.product-type.bundle.ui-testing";
		};
/* End PBXNativeTarget section */

/* Begin PBXProject section */
		9315565B2B501FE9008F96AF /* Project object */ = {
			isa = PBXProject;
			attributes = {
				BuildIndependentTargetsInParallel = 1;
				LastSwiftUpdateCheck = 1520;
				LastUpgradeCheck = 1520;
				TargetAttributes = {
					931556622B501FE9008F96AF = {
						CreatedOnToolsVersion = 15.2;
					};
					931556722B501FEA008F96AF = {
						CreatedOnToolsVersion = 15.2;
						TestTargetID = 931556622B501FE9008F96AF;
					};
					9315567C2B501FEA008F96AF = {
						CreatedOnToolsVersion = 15.2;
						TestTargetID = 931556622B501FE9008F96AF;
					};
				};
			};
			buildConfigurationList = 9315565E2B501FE9008F96AF /* Build configuration list for PBXProject "BTKModel" */;
			compatibilityVersion = "Xcode 14.0";
			developmentRegion = en;
			hasScannedForEncodings = 0;
			knownRegions = (
				en,
				Base,
			);
			mainGroup = 9315565A2B501FE9008F96AF;
			productRefGroup = 931556642B501FE9008F96AF /* Products */;
			projectDirPath = "";
			projectRoot = "";
			targets = (
				931556622B501FE9008F96AF /* BTKModel */,
				931556722B501FEA008F96AF /* BTKModelTests */,
				9315567C2B501FEA008F96AF /* BTKModelUITests */,
			);
		};
/* End PBXProject section */

/* Begin PBXResourcesBuildPhase section */
		931556612B501FE9008F96AF /* Resources */ = {
			isa = PBXResourcesBuildPhase;
			buildActionMask = 2147483647;
			files = (
				9315566E2B501FEA008F96AF /* Preview Assets.xcassets in Resources */,
				9315566B2B501FEA008F96AF /* Assets.xcassets in Resources */,
			);
			runOnlyForDeploymentPostprocessing = 0;
		};
		931556712B501FEA008F96AF /* Resources */ = {
			isa = PBXResourcesBuildPhase;
			buildActionMask = 2147483647;
			files = (
			);
			runOnlyForDeploymentPostprocessing = 0;
		};
		9315567B2B501FEA008F96AF /* Resources */ = {
			isa = PBXResourcesBuildPhase;
			buildActionMask = 2147483647;
			files = (
			);
			runOnlyForDeploymentPostprocessing = 0;
		};
/* End PBXResourcesBuildPhase section */

/* Begin PBXSourcesBuildPhase section */
		9315565F2B501FE9008F96AF /* Sources */ = {
			isa = PBXSourcesBuildPhase;
			buildActionMask = 2147483647;
			files = (
				930F18D42B5169B50095B738 /* OzelGorselView.swift in Sources */,
				930F18D22B5165EE0095B738 /* DetayView.swift in Sources */,
				931556692B501FE9008F96AF /* ContentView.swift in Sources */,
				931556932B5034F2008F96AF /* MapView.swift in Sources */,
				931556672B501FE9008F96AF /* BTKModelApp.swift in Sources */,
				931556912B5022B1008F96AF /* SuperKahraman.swift in Sources */,
			);
			runOnlyForDeploymentPostprocessing = 0;
		};
		9315566F2B501FEA008F96AF /* Sources */ = {
			isa = PBXSourcesBuildPhase;
			buildActionMask = 2147483647;
			files = (
				931556782B501FEA008F96AF /* BTKModelTests.swift in Sources */,
			);
			runOnlyForDeploymentPostprocessing = 0;
		};
		931556792B501FEA008F96AF /* Sources */ = {
			isa = PBXSourcesBuildPhase;
			buildActionMask = 2147483647;
			files = (
				931556842B501FEA008F96AF /* BTKModelUITestsLaunchTests.swift in Sources */,
				931556822B501FEA008F96AF /* BTKModelUITests.swift in Sources */,
			);
			runOnlyForDeploymentPostprocessing = 0;
		};
/* End PBXSourcesBuildPhase section */

/* Begin PBXTargetDependency section */
		931556752B501FEA008F96AF /* PBXTargetDependency */ = {
			isa = PBXTargetDependency;
			target = 931556622B501FE9008F96AF /* BTKModel */;
			targetProxy = 931556742B501FEA008F96AF /* PBXContainerItemProxy */;
		};
		9315567F2B501FEA008F96AF /* PBXTargetDependency */ = {
			isa = PBXTargetDependency;
			target = 931556622B501FE9008F96AF /* BTKModel */;
			targetProxy = 9315567E2B501FEA008F96AF /* PBXContainerItemProxy */;
		};
/* End PBXTargetDependency section */

/* Begin XCBuildConfiguration section */
		931556852B501FEA008F96AF /* Debug */ = {
			isa = XCBuildConfiguration;
			buildSettings = {
				ALWAYS_SEARCH_USER_PATHS = NO;
				ASSETCATALOG_COMPILER_GENERATE_SWIFT_ASSET_SYMBOL_EXTENSIONS = YES;
				CLANG_ANALYZER_NONNULL = YES;
				CLANG_ANALYZER_NUMBER_OBJECT_CONVERSION = YES_AGGRESSIVE;
				CLANG_CXX_LANGUAGE_STANDARD = "gnu++20";
				CLANG_ENABLE_MODULES = YES;
				CLANG_ENABLE_OBJC_ARC = YES;
				CLANG_ENABLE_OBJC_WEAK = YES;
				CLANG_WARN_BLOCK_CAPTURE_AUTORELEASING = YES;
				CLANG_WARN_BOOL_CONVERSION = YES;
				CLANG_WARN_COMMA = YES;
				CLANG_WARN_CONSTANT_CONVERSION = YES;
				CLANG_WARN_DEPRECATED_OBJC_IMPLEMENTATIONS = YES;
				CLANG_WARN_DIRECT_OBJC_ISA_USAGE = YES_ERROR;
				CLANG_WARN_DOCUMENTATION_COMMENTS = YES;
				CLANG_WARN_EMPTY_BODY = YES;
				CLANG_WARN_ENUM_CONVERSION = YES;
				CLANG_WARN_INFINITE_RECURSION = YES;
				CLANG_WARN_INT_CONVERSION = YES;
				CLANG_WARN_NON_LITERAL_NULL_CONVERSION = YES;
				CLANG_WARN_OBJC_IMPLICIT_RETAIN_SELF = YES;
				CLANG_WARN_OBJC_LITERAL_CONVERSION = YES;
				CLANG_WARN_OBJC_ROOT_CLASS = YES_ERROR;
				CLANG_WARN_QUOTED_INCLUDE_IN_FRAMEWORK_HEADER = YES;
				CLANG_WARN_RANGE_LOOP_ANALYSIS = YES;
				CLANG_WARN_STRICT_PROTOTYPES = YES;
				CLANG_WARN_SUSPICIOUS_MOVE = YES;
				CLANG_WARN_UNGUARDED_AVAILABILITY = YES_AGGRESSIVE;
				CLANG_WARN_UNREACHABLE_CODE = YES;
				CLANG_WARN__DUPLICATE_METHOD_MATCH = YES;
				COPY_PHASE_STRIP = NO;
				DEBUG_INFORMATION_FORMAT = dwarf;
				ENABLE_STRICT_OBJC_MSGSEND = YES;
				ENABLE_TESTABILITY = YES;
				ENABLE_USER_SCRIPT_SANDBOXING = YES;
				GCC_C_LANGUAGE_STANDARD = gnu17;
				GCC_DYNAMIC_NO_PIC = NO;
				GCC_NO_COMMON_BLOCKS = YES;
				GCC_OPTIMIZATION_LEVEL = 0;
				GCC_PREPROCESSOR_DEFINITIONS = (
					"DEBUG=1",
					"$(inherited)",
				);
				GCC_WARN_64_TO_32_BIT_CONVERSION = YES;
				GCC_WARN_ABOUT_RETURN_TYPE = YES_ERROR;
				GCC_WARN_UNDECLARED_SELECTOR = YES;
				GCC_WARN_UNINITIALIZED_AUTOS = YES_AGGRESSIVE;
				GCC_WARN_UNUSED_FUNCTION = YES;
				GCC_WARN_UNUSED_VARIABLE = YES;
				IPHONEOS_DEPLOYMENT_TARGET = 17.2;
				LOCALIZATION_PREFERS_STRING_CATALOGS = YES;
				MTL_ENABLE_DEBUG_INFO = INCLUDE_SOURCE;
				MTL_FAST_MATH = YES;
				ONLY_ACTIVE_ARCH = YES;
				SDKROOT = iphoneos;
				SWIFT_ACTIVE_COMPILATION_CONDITIONS = "DEBUG $(inherited)";
				SWIFT_OPTIMIZATION_LEVEL = "-Onone";
			};
			name = Debug;
		};
		931556862B501FEA008F96AF /* Release */ = {
			isa = XCBuildConfiguration;
			buildSettings = {
				ALWAYS_SEARCH_USER_PATHS = NO;
				ASSETCATALOG_COMPILER_GENERATE_SWIFT_ASSET_SYMBOL_EXTENSIONS = YES;
				CLANG_ANALYZER_NONNULL = YES;
				CLANG_ANALYZER_NUMBER_OBJECT_CONVERSION = YES_AGGRESSIVE;
				CLANG_CXX_LANGUAGE_STANDARD = "gnu++20";
				CLANG_ENABLE_MODULES = YES;
				CLANG_ENABLE_OBJC_ARC = YES;
				CLANG_ENABLE_OBJC_WEAK = YES;
				CLANG_WARN_BLOCK_CAPTURE_AUTORELEASING = YES;
				CLANG_WARN_BOOL_CONVERSION = YES;
				CLANG_WARN_COMMA = YES;
				CLANG_WARN_CONSTANT_CONVERSION = YES;
				CLANG_WARN_DEPRECATED_OBJC_IMPLEMENTATIONS = YES;
				CLANG_WARN_DIRECT_OBJC_ISA_USAGE = YES_ERROR;
				CLANG_WARN_DOCUMENTATION_COMMENTS = YES;
				CLANG_WARN_EMPTY_BODY = YES;
				CLANG_WARN_ENUM_CONVERSION = YES;
				CLANG_WARN_INFINITE_RECURSION = YES;
				CLANG_WARN_INT_CONVERSION = YES;
				CLANG_WARN_NON_LITERAL_NULL_CONVERSION = YES;
				CLANG_WARN_OBJC_IMPLICIT_RETAIN_SELF = YES;
				CLANG_WARN_OBJC_LITERAL_CONVERSION = YES;
				CLANG_WARN_OBJC_ROOT_CLASS = YES_ERROR;
				CLANG_WARN_QUOTED_INCLUDE_IN_FRAMEWORK_HEADER = YES;
				CLANG_WARN_RANGE_LOOP_ANALYSIS = YES;
				CLANG_WARN_STRICT_PROTOTYPES = YES;
				CLANG_WARN_SUSPICIOUS_MOVE = YES;
				CLANG_WARN_UNGUARDED_AVAILABILITY = YES_AGGRESSIVE;
				CLANG_WARN_UNREACHABLE_CODE = YES;
				CLANG_WARN__DUPLICATE_METHOD_MATCH = YES;
				COPY_PHASE_STRIP = NO;
				DEBUG_INFORMATION_FORMAT = "dwarf-with-dsym";
				ENABLE_NS_ASSERTIONS = NO;
				ENABLE_STRICT_OBJC_MSGSEND = YES;
				ENABLE_USER_SCRIPT_SANDBOXING = YES;
				GCC_C_LANGUAGE_STANDARD = gnu17;
				GCC_NO_COMMON_BLOCKS = YES;
				GCC_WARN_64_TO_32_BIT_CONVERSION = YES;
				GCC_WARN_ABOUT_RETURN_TYPE = YES_ERROR;
				GCC_WARN_UNDECLARED_SELECTOR = YES;
				GCC_WARN_UNINITIALIZED_AUTOS = YES_AGGRESSIVE;
				GCC_WARN_UNUSED_FUNCTION = YES;
				GCC_WARN_UNUSED_VARIABLE = YES;
				IPHONEOS_DEPLOYMENT_TARGET = 17.2;
				LOCALIZATION_PREFERS_STRING_CATALOGS = YES;
				MTL_ENABLE_DEBUG_INFO = NO;
				MTL_FAST_MATH = YES;
				SDKROOT = iphoneos;
				SWIFT_COMPILATION_MODE = wholemodule;
				VALIDATE_PRODUCT = YES;
			};
			name = Release;
		};
		931556882B501FEA008F96AF /* Debug */ = {
			isa = XCBuildConfiguration;
			buildSettings = {
				ASSETCATALOG_COMPILER_APPICON_NAME = AppIcon;
				ASSETCATALOG_COMPILER_GLOBAL_ACCENT_COLOR_NAME = AccentColor;
				CODE_SIGN_STYLE = Automatic;
				CURRENT_PROJECT_VERSION = 1;
				DEVELOPMENT_ASSET_PATHS = "\"BTKModel/Preview Content\"";
				DEVELOPMENT_TEAM = 29RV5BUWAH;
				ENABLE_PREVIEWS = YES;
				GENERATE_INFOPLIST_FILE = YES;
				INFOPLIST_KEY_UIApplicationSceneManifest_Generation = YES;
				INFOPLIST_KEY_UIApplicationSupportsIndirectInputEvents = YES;
				INFOPLIST_KEY_UILaunchScreen_Generation = YES;
				INFOPLIST_KEY_UISupportedInterfaceOrientations_iPad = "UIInterfaceOrientationPortrait UIInterfaceOrientationPortraitUpsideDown UIInterfaceOrientationLandscapeLeft UIInterfaceOrientationLandscapeRight";
				INFOPLIST_KEY_UISupportedInterfaceOrientations_iPhone = "UIInterfaceOrientationPortrait UIInterfaceOrientationLandscapeLeft UIInterfaceOrientationLandscapeRight";
				LD_RUNPATH_SEARCH_PATHS = (
					"$(inherited)",
					"@executable_path/Frameworks",
				);
				MARKETING_VERSION = 1.0;
				PRODUCT_BUNDLE_IDENTIFIER = UIi.BTKModel;
				PRODUCT_NAME = "$(TARGET_NAME)";
				SWIFT_EMIT_LOC_STRINGS = YES;
				SWIFT_VERSION = 5.0;
				TARGETED_DEVICE_FAMILY = "1,2";
			};
			name = Debug;
		};
		931556892B501FEA008F96AF /* Release */ = {
			isa = XCBuildConfiguration;
			buildSettings = {
				ASSETCATALOG_COMPILER_APPICON_NAME = AppIcon;
				ASSETCATALOG_COMPILER_GLOBAL_ACCENT_COLOR_NAME = AccentColor;
				CODE_SIGN_STYLE = Automatic;
				CURRENT_PROJECT_VERSION = 1;
				DEVELOPMENT_ASSET_PATHS = "\"BTKModel/Preview Content\"";
				DEVELOPMENT_TEAM = 29RV5BUWAH;
				ENABLE_PREVIEWS = YES;
				GENERATE_INFOPLIST_FILE = YES;
				INFOPLIST_KEY_UIApplicationSceneManifest_Generation = YES;
				INFOPLIST_KEY_UIApplicationSupportsIndirectInputEvents = YES;
				INFOPLIST_KEY_UILaunchScreen_Generation = YES;
				INFOPLIST_KEY_UISupportedInterfaceOrientations_iPad = "UIInterfaceOrientationPortrait UIInterfaceOrientationPortraitUpsideDown UIInterfaceOrientationLandscapeLeft UIInterfaceOrientationLandscapeRight";
				INFOPLIST_KEY_UISupportedInterfaceOrientations_iPhone = "UIInterfaceOrientationPortrait UIInterfaceOrientationLandscapeLeft UIInterfaceOrientationLandscapeRight";
				LD_RUNPATH_SEARCH_PATHS = (
					"$(inherited)",
					"@executable_path/Frameworks",
				);
				MARKETING_VERSION = 1.0;
				PRODUCT_BUNDLE_IDENTIFIER = UIi.BTKModel;
				PRODUCT_NAME = "$(TARGET_NAME)";
				SWIFT_EMIT_LOC_STRINGS = YES;
				SWIFT_VERSION = 5.0;
				TARGETED_DEVICE_FAMILY = "1,2";
			};
			name = Release;
		};
		9315568B2B501FEA008F96AF /* Debug */ = {
			isa = XCBuildConfiguration;
			buildSettings = {
				ALWAYS_EMBED_SWIFT_STANDARD_LIBRARIES = YES;
				BUNDLE_LOADER = "$(TEST_HOST)";
				CODE_SIGN_STYLE = Automatic;
				CURRENT_PROJECT_VERSION = 1;
				DEVELOPMENT_TEAM = 29RV5BUWAH;
				GENERATE_INFOPLIST_FILE = YES;
				IPHONEOS_DEPLOYMENT_TARGET = 17.2;
				MARKETING_VERSION = 1.0;
				PRODUCT_BUNDLE_IDENTIFIER = UIi.BTKModelTests;
				PRODUCT_NAME = "$(TARGET_NAME)";
				SWIFT_EMIT_LOC_STRINGS = NO;
				SWIFT_VERSION = 5.0;
				TARGETED_DEVICE_FAMILY = "1,2";
				TEST_HOST = "$(BUILT_PRODUCTS_DIR)/BTKModel.app/$(BUNDLE_EXECUTABLE_FOLDER_PATH)/BTKModel";
			};
			name = Debug;
		};
		9315568C2B501FEA008F96AF /* Release */ = {
			isa = XCBuildConfiguration;
			buildSettings = {
				ALWAYS_EMBED_SWIFT_STANDARD_LIBRARIES = YES;
				BUNDLE_LOADER = "$(TEST_HOST)";
				CODE_SIGN_STYLE = Automatic;
				CURRENT_PROJECT_VERSION = 1;
				DEVELOPMENT_TEAM = 29RV5BUWAH;
				GENERATE_INFOPLIST_FILE = YES;
				IPHONEOS_DEPLOYMENT_TARGET = 17.2;
				MARKETING_VERSION = 1.0;
				PRODUCT_BUNDLE_IDENTIFIER = UIi.BTKModelTests;
				PRODUCT_NAME = "$(TARGET_NAME)";
				SWIFT_EMIT_LOC_STRINGS = NO;
				SWIFT_VERSION = 5.0;
				TARGETED_DEVICE_FAMILY = "1,2";
				TEST_HOST = "$(BUILT_PRODUCTS_DIR)/BTKModel.app/$(BUNDLE_EXECUTABLE_FOLDER_PATH)/BTKModel";
			};
			name = Release;
		};
		9315568E2B501FEA008F96AF /* Debug */ = {
			isa = XCBuildConfiguration;
			buildSettings = {
				ALWAYS_EMBED_SWIFT_STANDARD_LIBRARIES = YES;
				CODE_SIGN_STYLE = Automatic;
				CURRENT_PROJECT_VERSION = 1;
				DEVELOPMENT_TEAM = 29RV5BUWAH;
				GENERATE_INFOPLIST_FILE = YES;
				MARKETING_VERSION = 1.0;
				PRODUCT_BUNDLE_IDENTIFIER = UIi.BTKModelUITests;
				PRODUCT_NAME = "$(TARGET_NAME)";
				SWIFT_EMIT_LOC_STRINGS = NO;
				SWIFT_VERSION = 5.0;
				TARGETED_DEVICE_FAMILY = "1,2";
				TEST_TARGET_NAME = BTKModel;
			};
			name = Debug;
		};
		9315568F2B501FEA008F96AF /* Release */ = {
			isa = XCBuildConfiguration;
			buildSettings = {
				ALWAYS_EMBED_SWIFT_STANDARD_LIBRARIES = YES;
				CODE_SIGN_STYLE = Automatic;
				CURRENT_PROJECT_VERSION = 1;
				DEVELOPMENT_TEAM = 29RV5BUWAH;
				GENERATE_INFOPLIST_FILE = YES;
				MARKETING_VERSION = 1.0;
				PRODUCT_BUNDLE_IDENTIFIER = UIi.BTKModelUITests;
				PRODUCT_NAME = "$(TARGET_NAME)";
				SWIFT_EMIT_LOC_STRINGS = NO;
				SWIFT_VERSION = 5.0;
				TARGETED_DEVICE_FAMILY = "1,2";
				TEST_TARGET_NAME = BTKModel;
			};
			name = Release;
		};
/* End XCBuildConfiguration section */

/* Begin XCConfigurationList section */
		9315565E2B501FE9008F96AF /* Build configuration list for PBXProject "BTKModel" */ = {
			isa = XCConfigurationList;
			buildConfigurations = (
				931556852B501FEA008F96AF /* Debug */,
				931556862B501FEA008F96AF /* Release */,
			);
			defaultConfigurationIsVisible = 0;
			defaultConfigurationName = Release;
		};
		931556872B501FEA008F96AF /* Build configuration list for PBXNativeTarget "BTKModel" */ = {
			isa = XCConfigurationList;
			buildConfigurations = (
				931556882B501FEA008F96AF /* Debug */,
				931556892B501FEA008F96AF /* Release */,
			);
			defaultConfigurationIsVisible = 0;
			defaultConfigurationName = Release;
		};
		9315568A2B501FEA008F96AF /* Build configuration list for PBXNativeTarget "BTKModelTests" */ = {
			isa = XCConfigurationList;
			buildConfigurations = (
				9315568B2B501FEA008F96AF /* Debug */,
				9315568C2B501FEA008F96AF /* Release */,
			);
			defaultConfigurationIsVisible = 0;
			defaultConfigurationName = Release;
		};
		9315568D2B501FEA008F96AF /* Build configuration list for PBXNativeTarget "BTKModelUITests" */ = {
			isa = XCConfigurationList;
			buildConfigurations = (
				9315568E2B501FEA008F96AF /* Debug */,
				9315568F2B501FEA008F96AF /* Release */,
			);
			defaultConfigurationIsVisible = 0;
			defaultConfigurationName = Release;
		};
/* End XCConfigurationList section */
	};
	rootObject = 9315565B2B501FE9008F96AF /* Project object */;
}
